// !$*UTF8*$!
{
	archiveVersion = 1;
	classes = {
	};
	objectVersion = 46;
	objects = {

/* Begin PBXBuildFile section */
		6051E26B1C9DDB4200544B23 /* AppDelegate.swift in Sources */ = {isa = PBXBuildFile; fileRef = 6051E26A1C9DDB4200544B23 /* AppDelegate.swift */; };
		6051E26D1C9DDB4200544B23 /* ViewController.swift in Sources */ = {isa = PBXBuildFile; fileRef = 6051E26C1C9DDB4200544B23 /* ViewController.swift */; };
		6051E2701C9DDB4200544B23 /* Main.storyboard in Resources */ = {isa = PBXBuildFile; fileRef = 6051E26E1C9DDB4200544B23 /* Main.storyboard */; };
		6051E2721C9DDB4200544B23 /* Assets.xcassets in Resources */ = {isa = PBXBuildFile; fileRef = 6051E2711C9DDB4200544B23 /* Assets.xcassets */; };
		6051E2801C9DDB4200544B23 /* pgmTests.swift in Sources */ = {isa = PBXBuildFile; fileRef = 6051E27F1C9DDB4200544B23 /* pgmTests.swift */; };
		6051E28B1C9DDB8900544B23 /* View.swift in Sources */ = {isa = PBXBuildFile; fileRef = 6051E28A1C9DDB8900544B23 /* View.swift */; };
		6051E28D1C9DE00D00544B23 /* Snoop.swift in Sources */ = {isa = PBXBuildFile; fileRef = 6051E28C1C9DE00D00544B23 /* Snoop.swift */; };
		6051E28F1C9DE15100544B23 /* SuperDate.swift in Sources */ = {isa = PBXBuildFile; fileRef = 6051E28E1C9DE15100544B23 /* SuperDate.swift */; };
		6051E2911C9DE91600544B23 /* SuperView.swift in Sources */ = {isa = PBXBuildFile; fileRef = 6051E2901C9DE91600544B23 /* SuperView.swift */; };
/* End PBXBuildFile section */

/* Begin PBXContainerItemProxy section */
		6051E27C1C9DDB4200544B23 /* PBXContainerItemProxy */ = {
			isa = PBXContainerItemProxy;
			containerPortal = 6051E25F1C9DDB4200544B23 /* Project object */;
			proxyType = 1;
			remoteGlobalIDString = 6051E2661C9DDB4200544B23;
			remoteInfo = pgm;
		};
/* End PBXContainerItemProxy section */

/* Begin PBXFileReference section */
		6051E2671C9DDB4200544B23 /* pgm.app */ = {isa = PBXFileReference; explicitFileType = wrapper.application; includeInIndex = 0; path = pgm.app; sourceTree = BUILT_PRODUCTS_DIR; };
		6051E26A1C9DDB4200544B23 /* AppDelegate.swift */ = {isa = PBXFileReference; lastKnownFileType = sourcecode.swift; path = AppDelegate.swift; sourceTree = "<group>"; };
		6051E26C1C9DDB4200544B23 /* ViewController.swift */ = {isa = PBXFileReference; lastKnownFileType = sourcecode.swift; path = ViewController.swift; sourceTree = "<group>"; };
		6051E26F1C9DDB4200544B23 /* Base */ = {isa = PBXFileReference; lastKnownFileType = file.storyboard; name = Base; path = Base.lproj/Main.storyboard; sourceTree = "<group>"; };
		6051E2711C9DDB4200544B23 /* Assets.xcassets */ = {isa = PBXFileReference; lastKnownFileType = folder.assetcatalog; path = Assets.xcassets; sourceTree = "<group>"; };
		6051E2761C9DDB4200544B23 /* Info.plist */ = {isa = PBXFileReference; lastKnownFileType = text.plist.xml; path = Info.plist; sourceTree = "<group>"; };
		6051E27B1C9DDB4200544B23 /* pgmTests.xctest */ = {isa = PBXFileReference; explicitFileType = wrapper.cfbundle; includeInIndex = 0; path = pgmTests.xctest; sourceTree = BUILT_PRODUCTS_DIR; };
		6051E27F1C9DDB4200544B23 /* pgmTests.swift */ = {isa = PBXFileReference; lastKnownFileType = sourcecode.swift; path = pgmTests.swift; sourceTree = "<group>"; };
		6051E2811C9DDB4200544B23 /* Info.plist */ = {isa = PBXFileReference; lastKnownFileType = text.plist.xml; path = Info.plist; sourceTree = "<group>"; };
		6051E28A1C9DDB8900544B23 /* View.swift */ = {isa = PBXFileReference; fileEncoding = 4; lastKnownFileType = sourcecode.swift; path = View.swift; sourceTree = "<group>"; };
		6051E28C1C9DE00D00544B23 /* Snoop.swift */ = {isa = PBXFileReference; fileEncoding = 4; lastKnownFileType = sourcecode.swift; path = Snoop.swift; sourceTree = "<group>"; };
		6051E28E1C9DE15100544B23 /* SuperDate.swift */ = {isa = PBXFileReference; fileEncoding = 4; lastKnownFileType = sourcecode.swift; name = SuperDate.swift; path = ../../SwiftLib/SuperDate.swift; sourceTree = "<group>"; };
		6051E2901C9DE91600544B23 /* SuperView.swift */ = {isa = PBXFileReference; fileEncoding = 4; lastKnownFileType = sourcecode.swift; path = SuperView.swift; sourceTree = "<group>"; };
/* End PBXFileReference section */

/* Begin PBXFrameworksBuildPhase section */
		6051E2641C9DDB4200544B23 /* Frameworks */ = {
			isa = PBXFrameworksBuildPhase;
			buildActionMask = 2147483647;
			files = (
			);
			runOnlyForDeploymentPostprocessing = 0;
		};
		6051E2781C9DDB4200544B23 /* Frameworks */ = {
			isa = PBXFrameworksBuildPhase;
			buildActionMask = 2147483647;
			files = (
			);
			runOnlyForDeploymentPostprocessing = 0;
		};
/* End PBXFrameworksBuildPhase section */

/* Begin PBXGroup section */
		6051E25E1C9DDB4200544B23 = {
			isa = PBXGroup;
			children = (
				6051E2691C9DDB4200544B23 /* pgm */,
				6051E27E1C9DDB4200544B23 /* pgmTests */,
				6051E2681C9DDB4200544B23 /* Products */,
			);
			sourceTree = "<group>";
		};
		6051E2681C9DDB4200544B23 /* Products */ = {
			isa = PBXGroup;
			children = (
				6051E2671C9DDB4200544B23 /* pgm.app */,
				6051E27B1C9DDB4200544B23 /* pgmTests.xctest */,
			);
			name = Products;
			sourceTree = "<group>";
		};
		6051E2691C9DDB4200544B23 /* pgm */ = {
			isa = PBXGroup;
			children = (
				6051E28E1C9DE15100544B23 /* SuperDate.swift */,
				6051E26A1C9DDB4200544B23 /* AppDelegate.swift */,
				6051E26C1C9DDB4200544B23 /* ViewController.swift */,
				6051E26E1C9DDB4200544B23 /* Main.storyboard */,
				6051E2711C9DDB4200544B23 /* Assets.xcassets */,
				6051E2761C9DDB4200544B23 /* Info.plist */,
				6051E28A1C9DDB8900544B23 /* View.swift */,
				6051E28C1C9DE00D00544B23 /* Snoop.swift */,
				6051E2901C9DE91600544B23 /* SuperView.swift */,
			);
			path = pgm;
			sourceTree = "<group>";
		};
		6051E27E1C9DDB4200544B23 /* pgmTests */ = {
			isa = PBXGroup;
			children = (
				6051E27F1C9DDB4200544B23 /* pgmTests.swift */,
				6051E2811C9DDB4200544B23 /* Info.plist */,
			);
			path = pgmTests;
			sourceTree = "<group>";
		};
/* End PBXGroup section */

/* Begin PBXNativeTarget section */
		6051E2661C9DDB4200544B23 /* pgm */ = {
			isa = PBXNativeTarget;
			buildConfigurationList = 6051E2841C9DDB4200544B23 /* Build configuration list for PBXNativeTarget "pgm" */;
			buildPhases = (
				6051E2631C9DDB4200544B23 /* Sources */,
				6051E2641C9DDB4200544B23 /* Frameworks */,
				6051E2651C9DDB4200544B23 /* Resources */,
			);
			buildRules = (
			);
			dependencies = (
			);
			name = pgm;
			productName = pgm;
			productReference = 6051E2671C9DDB4200544B23 /* pgm.app */;
			productType = "com.apple.product-type.application";
		};
		6051E27A1C9DDB4200544B23 /* pgmTests */ = {
			isa = PBXNativeTarget;
			buildConfigurationList = 6051E2871C9DDB4200544B23 /* Build configuration list for PBXNativeTarget "pgmTests" */;
			buildPhases = (
				6051E2771C9DDB4200544B23 /* Sources */,
				6051E2781C9DDB4200544B23 /* Frameworks */,
				6051E2791C9DDB4200544B23 /* Resources */,
			);
			buildRules = (
			);
			dependencies = (
				6051E27D1C9DDB4200544B23 /* PBXTargetDependency */,
			);
			name = pgmTests;
			productName = pgmTests;
			productReference = 6051E27B1C9DDB4200544B23 /* pgmTests.xctest */;
			productType = "com.apple.product-type.bundle.unit-test";
		};
/* End PBXNativeTarget section */

/* Begin PBXProject section */
		6051E25F1C9DDB4200544B23 /* Project object */ = {
			isa = PBXProject;
			attributes = {
				LastSwiftUpdateCheck = 0720;
				LastUpgradeCheck = 0720;
				ORGANIZATIONNAME = "Michael Chaffee";
				TargetAttributes = {
					6051E2661C9DDB4200544B23 = {
						CreatedOnToolsVersion = 7.2.1;
					};
					6051E27A1C9DDB4200544B23 = {
						CreatedOnToolsVersion = 7.2.1;
						TestTargetID = 6051E2661C9DDB4200544B23;
					};
				};
			};
			buildConfigurationList = 6051E2621C9DDB4200544B23 /* Build configuration list for PBXProject "pgm" */;
			compatibilityVersion = "Xcode 3.2";
			developmentRegion = English;
			hasScannedForEncodings = 0;
			knownRegions = (
				en,
				Base,
			);
			mainGroup = 6051E25E1C9DDB4200544B23;
			productRefGroup = 6051E2681C9DDB4200544B23 /* Products */;
			projectDirPath = "";
			projectRoot = "";
			targets = (
				6051E2661C9DDB4200544B23 /* pgm */,
				6051E27A1C9DDB4200544B23 /* pgmTests */,
			);
		};
/* End PBXProject section */

/* Begin PBXResourcesBuildPhase section */
		6051E2651C9DDB4200544B23 /* Resources */ = {
			isa = PBXResourcesBuildPhase;
			buildActionMask = 2147483647;
			files = (
				6051E2721C9DDB4200544B23 /* Assets.xcassets in Resources */,
				6051E2701C9DDB4200544B23 /* Main.storyboard in Resources */,
			);
			runOnlyForDeploymentPostprocessing = 0;
		};
		6051E2791C9DDB4200544B23 /* Resources */ = {
			isa = PBXResourcesBuildPhase;
			buildActionMask = 2147483647;
			files = (
			);
			runOnlyForDeploymentPostprocessing = 0;
		};
/* End PBXResourcesBuildPhase section */

/* Begin PBXSourcesBuildPhase section */
		6051E2631C9DDB4200544B23 /* Sources */ = {
			isa = PBXSourcesBuildPhase;
			buildActionMask = 2147483647;
			files = (
				6051E26D1C9DDB4200544B23 /* ViewController.swift in Sources */,
				6051E28D1C9DE00D00544B23 /* Snoop.swift in Sources */,
				6051E2911C9DE91600544B23 /* SuperView.swift in Sources */,
				6051E26B1C9DDB4200544B23 /* AppDelegate.swift in Sources */,
				6051E28B1C9DDB8900544B23 /* View.swift in Sources */,
				6051E28F1C9DE15100544B23 /* SuperDate.swift in Sources */,
			);
			runOnlyForDeploymentPostprocessing = 0;
		};
		6051E2771C9DDB4200544B23 /* Sources */ = {
			isa = PBXSourcesBuildPhase;
			buildActionMask = 2147483647;
			files = (
				6051E2801C9DDB4200544B23 /* pgmTests.swift in Sources */,
			);
			runOnlyForDeploymentPostprocessing = 0;
		};
/* End PBXSourcesBuildPhase section */

/* Begin PBXTargetDependency section */
		6051E27D1C9DDB4200544B23 /* PBXTargetDependency */ = {
			isa = PBXTargetDependency;
			target = 6051E2661C9DDB4200544B23 /* pgm */;
			targetProxy = 6051E27C1C9DDB4200544B23 /* PBXContainerItemProxy */;
		};
/* End PBXTargetDependency section */

/* Begin PBXVariantGroup section */
		6051E26E1C9DDB4200544B23 /* Main.storyboard */ = {
			isa = PBXVariantGroup;
			children = (
				6051E26F1C9DDB4200544B23 /* Base */,
			);
			name = Main.storyboard;
			sourceTree = "<group>";
		};
/* End PBXVariantGroup section */

/* Begin XCBuildConfiguration section */
		6051E2821C9DDB4200544B23 /* Debug */ = {
			isa = XCBuildConfiguration;
			buildSettings = {
				ALWAYS_SEARCH_USER_PATHS = NO;
				CLANG_CXX_LANGUAGE_STANDARD = "gnu++0x";
				CLANG_CXX_LIBRARY = "libc++";
				CLANG_ENABLE_MODULES = YES;
				CLANG_ENABLE_OBJC_ARC = YES;
				CLANG_WARN_BOOL_CONVERSION = YES;
				CLANG_WARN_CONSTANT_CONVERSION = YES;
				CLANG_WARN_DIRECT_OBJC_ISA_USAGE = YES_ERROR;
				CLANG_WARN_EMPTY_BODY = YES;
				CLANG_WARN_ENUM_CONVERSION = YES;
				CLANG_WARN_INT_CONVERSION = YES;
				CLANG_WARN_OBJC_ROOT_CLASS = YES_ERROR;
				CLANG_WARN_UNREACHABLE_CODE = YES;
				CLANG_WARN__DUPLICATE_METHOD_MATCH = YES;
				"CODE_SIGN_IDENTITY[sdk=iphoneos*]" = "iPhone Developer";
				COPY_PHASE_STRIP = NO;
				DEBUG_INFORMATION_FORMAT = dwarf;
				ENABLE_STRICT_OBJC_MSGSEND = YES;
				ENABLE_TESTABILITY = YES;
				GCC_C_LANGUAGE_STANDARD = gnu99;
				GCC_DYNAMIC_NO_PIC = NO;
				GCC_NO_COMMON_BLOCKS = YES;
				GCC_OPTIMIZATION_LEVEL = 0;
				GCC_PREPROCESSOR_DEFINITIONS = (
					"DEBUG=1",
					"$(inherited)",
				);
				GCC_WARN_64_TO_32_BIT_CONVERSION = YES;
				GCC_WARN_ABOUT_RETURN_TYPE = YES_ERROR;
				GCC_WARN_UNDECLARED_SELECTOR = YES;
				GCC_WARN_UNINITIALIZED_AUTOS = YES_AGGRESSIVE;
				GCC_WARN_UNUSED_FUNCTION = YES;
				GCC_WARN_UNUSED_VARIABLE = YES;
				IPHONEOS_DEPLOYMENT_TARGET = 9.2;
				MTL_ENABLE_DEBUG_INFO = YES;
				ONLY_ACTIVE_ARCH = YES;
				SDKROOT = iphoneos;
				SWIFT_OPTIMIZATION_LEVEL = "-Onone";
				TARGETED_DEVICE_FAMILY = "1,2";
			};
			name = Debug;
		};
		6051E2831C9DDB4200544B23 /* Release */ = {
			isa = XCBuildConfiguration;
			buildSettings = {
				ALWAYS_SEARCH_USER_PATHS = NO;
				CLANG_CXX_LANGUAGE_STANDARD = "gnu++0x";
				CLANG_CXX_LIBRARY = "libc++";
				CLANG_ENABLE_MODULES = YES;
				CLANG_ENABLE_OBJC_ARC = YES;
				CLANG_WARN_BOOL_CONVERSION = YES;
				CLANG_WARN_CONSTANT_CONVERSION = YES;
				CLANG_WARN_DIRECT_OBJC_ISA_USAGE = YES_ERROR;
				CLANG_WARN_EMPTY_BODY = YES;
				CLANG_WARN_ENUM_CONVERSION = YES;
				CLANG_WARN_INT_CONVERSION = YES;
				CLANG_WARN_OBJC_ROOT_CLASS = YES_ERROR;
				CLANG_WARN_UNREACHABLE_CODE = YES;
				CLANG_WARN__DUPLICATE_METHOD_MATCH = YES;
				"CODE_SIGN_IDENTITY[sdk=iphoneos*]" = "iPhone Developer";
				COPY_PHASE_STRIP = NO;
				DEBUG_INFORMATION_FORMAT = "dwarf-with-dsym";
				ENABLE_NS_ASSERTIONS = NO;
				ENABLE_STRICT_OBJC_MSGSEND = YES;
				GCC_C_LANGUAGE_STANDARD = gnu99;
				GCC_NO_COMMON_BLOCKS = YES;
				GCC_WARN_64_TO_32_BIT_CONVERSION = YES;
				GCC_WARN_ABOUT_RETURN_TYPE = YES_ERROR;
				GCC_WARN_UNDECLARED_SELECTOR = YES;
				GCC_WARN_UNINITIALIZED_AUTOS = YES_AGGRESSIVE;
				GCC_WARN_UNUSED_FUNCTION = YES;
				GCC_WARN_UNUSED_VARIABLE = YES;
				IPHONEOS_DEPLOYMENT_TARGET = 9.2;
				MTL_ENABLE_DEBUG_INFO = NO;
				SDKROOT = iphoneos;
				TARGETED_DEVICE_FAMILY = "1,2";
				VALIDATE_PRODUCT = YES;
			};
			name = Release;
		};
		6051E2851C9DDB4200544B23 /* Debug */ = {
			isa = XCBuildConfiguration;
			buildSettings = {
				ASSETCATALOG_COMPILER_APPICON_NAME = AppIcon;
				INFOPLIST_FILE = pgm/Info.plist;
				LD_RUNPATH_SEARCH_PATHS = "$(inherited) @executable_path/Frameworks";
				PRODUCT_BUNDLE_IDENTIFIER = com.chaf.pgm;
				PRODUCT_NAME = "$(TARGET_NAME)";
			};
			name = Debug;
		};
		6051E2861C9DDB4200544B23 /* Release */ = {
			isa = XCBuildConfiguration;
			buildSettings = {
				ASSETCATALOG_COMPILER_APPICON_NAME = AppIcon;
				INFOPLIST_FILE = pgm/Info.plist;
				LD_RUNPATH_SEARCH_PATHS = "$(inherited) @executable_path/Frameworks";
				PRODUCT_BUNDLE_IDENTIFIER = com.chaf.pgm;
				PRODUCT_NAME = "$(TARGET_NAME)";
			};
			name = Release;
		};
		6051E2881C9DDB4200544B23 /* Debug */ = {
			isa = XCBuildConfiguration;
			buildSettings = {
				BUNDLE_LOADER = "$(TEST_HOST)";
				INFOPLIST_FILE = pgmTests/Info.plist;
				LD_RUNPATH_SEARCH_PATHS = "$(inherited) @executable_path/Frameworks @loader_path/Frameworks";
				PRODUCT_BUNDLE_IDENTIFIER = com.chaf.pgmTests;
				PRODUCT_NAME = "$(TARGET_NAME)";
				TEST_HOST = "$(BUILT_PRODUCTS_DIR)/pgm.app/pgm";
			};
			name = Debug;
		};
		6051E2891C9DDB4200544B23 /* Release */ = {
			isa = XCBuildConfiguration;
			buildSettings = {
				BUNDLE_LOADER = "$(TEST_HOST)";
				INFOPLIST_FILE = pgmTests/Info.plist;
				LD_RUNPATH_SEARCH_PATHS = "$(inherited) @executable_path/Frameworks @loader_path/Frameworks";
				PRODUCT_BUNDLE_IDENTIFIER = com.chaf.pgmTests;
				PRODUCT_NAME = "$(TARGET_NAME)";
				TEST_HOST = "$(BUILT_PRODUCTS_DIR)/pgm.app/pgm";
			};
			name = Release;
		};
/* End XCBuildConfiguration section */

/* Begin XCConfigurationList section */
		6051E2621C9DDB4200544B23 /* Build configuration list for PBXProject "pgm" */ = {
			isa = XCConfigurationList;
			buildConfigurations = (
				6051E2821C9DDB4200544B23 /* Debug */,
				6051E2831C9DDB4200544B23 /* Release */,
			);
			defaultConfigurationIsVisible = 0;
			defaultConfigurationName = Release;
		};
		6051E2841C9DDB4200544B23 /* Build configuration list for PBXNativeTarget "pgm" */ = {
			isa = XCConfigurationList;
			buildConfigurations = (
				6051E2851C9DDB4200544B23 /* Debug */,
				6051E2861C9DDB4200544B23 /* Release */,
			);
			defaultConfigurationIsVisible = 0;
		};
		6051E2871C9DDB4200544B23 /* Build configuration list for PBXNativeTarget "pgmTests" */ = {
			isa = XCConfigurationList;
			buildConfigurations = (
				6051E2881C9DDB4200544B23 /* Debug */,
				6051E2891C9DDB4200544B23 /* Release */,
			);
			defaultConfigurationIsVisible = 0;
		};
/* End XCConfigurationList section */
	};
	rootObject = 6051E25F1C9DDB4200544B23 /* Project object */;
}
